
Microsoft Visual Studio Solution File, Format Version 12.00
# Visual Studio Version 17
VisualStudioVersion = 17.4.33122.133
MinimumVisualStudioVersion = 10.0.40219.1
Project("{FAE04EC0-301F-11D3-BF4B-00C04F79EFBC}") = "ImtihonModule4", "ImtihonModule4\ImtihonModule4.csproj", "{BDA91494-D1CF-4B9E-9458-5A43FA8AACA5}"
EndProject
Global
	GlobalSection(SolutionConfigurationPlatforms) = preSolution
		Debug|Any CPU = Debug|Any CPU
		Release|Any CPU = Release|Any CPU
	EndGlobalSection
	GlobalSection(ProjectConfigurationPlatforms) = postSolution
		{BDA91494-D1CF-4B9E-9458-5A43FA8AACA5}.Debug|Any CPU.ActiveCfg = Debug|Any CPU
		{BDA91494-D1CF-4B9E-9458-5A43FA8AACA5}.Debug|Any CPU.Build.0 = Debug|Any CPU
		{BDA91494-D1CF-4B9E-9458-5A43FA8AACA5}.Release|Any CPU.ActiveCfg = Release|Any CPU
		{BDA91494-D1CF-4B9E-9458-5A43FA8AACA5}.Release|Any CPU.Build.0 = Release|Any CPU
	EndGlobalSection
	GlobalSection(SolutionProperties) = preSolution
		HideSolutionNode = FALSE
	EndGlobalSection
	GlobalSection(ExtensibilityGlobals) = postSolution
		SolutionGuid = {0ACC42DD-C6BF-403C-8A6A-3F56B456CEBB}
	EndGlobalSection
EndGlobal
